<?xml version="1.0" encoding="UTF-8"?>
<Scheme
   LastUpgradeVersion = "0600"
   version = "1.3">
   <BuildAction
      parallelizeBuildables = "YES"
      buildImplicitDependencies = "YES">
      <BuildActionEntries>
         <BuildActionEntry
            buildForTesting = "YES"
            buildForRunning = "YES"
            buildForProfiling = "YES"
            buildForArchiving = "YES"
            buildForAnalyzing = "YES">
            <BuildableReference
               BuildableIdentifier = "primary"
               BlueprintIdentifier = "E4B69B5A0A3A1756003C02F2"
               BuildableName = "ofxOpenNi_examples&#x201e;A&#x30a;&#xc6;&#x201e;C&#x327;&#x2265;&#x201e;E&#x301;i&#x301;&#x201e;C&#x327;o&#x308;&#x201e;E&#x301;&#xba;.app"
               BlueprintName = "ofxOpenNi_examples&#x201e;&#xc5;&#xc6;&#x201e;&#xc7;&#x2265;&#x201e;&#xc9;&#xed;&#x201e;&#xc7;&#xf6;&#x201e;&#xc9;&#xba;"
               ReferencedContainer = "container:ofxOpenNi_examples&#x306e;&#x30b3;&#x30d2;&#x309a;&#x30fc;.xcodeproj">
            </BuildableReference>
         </BuildActionEntry>
      </BuildActionEntries>
   </BuildAction>
   <TestAction
      buildConfiguration = "Debug"
      selectedDebuggerIdentifier = "Xcode.DebuggerFoundation.Debugger.LLDB"
      selectedLauncherIdentifier = "Xcode.DebuggerFoundation.Launcher.LLDB"
      shouldUseLaunchSchemeArgsEnv = "YES">
      <Testables>
      </Testables>
      <MacroExpansion>
         <BuildableReference
            BuildableIdentifier = "primary"
            BlueprintIdentifier = "E4B69B5A0A3A1756003C02F2"
            BuildableName = "ofxOpenNi_examples&#x201e;A&#x30a;&#xc6;&#x201e;C&#x327;&#x2265;&#x201e;E&#x301;i&#x301;&#x201e;C&#x327;o&#x308;&#x201e;E&#x301;&#xba;.app"
            BlueprintName = "ofxOpenNi_examples&#x201e;&#xc5;&#xc6;&#x201e;&#xc7;&#x2265;&#x201e;&#xc9;&#xed;&#x201e;&#xc7;&#xf6;&#x201e;&#xc9;&#xba;"
            ReferencedContainer = "container:ofxOpenNi_examples&#x306e;&#x30b3;&#x30d2;&#x309a;&#x30fc;.xcodeproj">
         </BuildableReference>
      </MacroExpansion>
      <AdditionalOptions>
      </AdditionalOptions>
   </TestAction>
   <LaunchAction
      buildConfiguration = "Debug"
      selectedDebuggerIdentifier = "Xcode.DebuggerFoundation.Debugger.LLDB"
      selectedLauncherIdentifier = "Xcode.DebuggerFoundation.Launcher.LLDB"
      launchStyle = "0"
      useCustomWorkingDirectory = "NO"
      ignoresPersistentStateOnLaunch = "NO"
      debugDocumentVersioning = "YES"
      debugServiceExtension = "internal"
      allowLocationSimulation = "YES">
      <BuildableProductRunnable
         runnableDebuggingMode = "0">
         <BuildableReference
            BuildableIdentifier = "primary"
            BlueprintIdentifier = "E4B69B5A0A3A1756003C02F2"
            BuildableName = "ofxOpenNi_examples&#x201e;A&#x30a;&#xc6;&#x201e;C&#x327;&#x2265;&#x201e;E&#x301;i&#x301;&#x201e;C&#x327;o&#x308;&#x201e;E&#x301;&#xba;.app"
            BlueprintName = "ofxOpenNi_examples&#x201e;&#xc5;&#xc6;&#x201e;&#xc7;&#x2265;&#x201e;&#xc9;&#xed;&#x201e;&#xc7;&#xf6;&#x201e;&#xc9;&#xba;"
            ReferencedContainer = "container:ofxOpenNi_examples&#x306e;&#x30b3;&#x30d2;&#x309a;&#x30fc;.xcodeproj">
         </BuildableReference>
      </BuildableProductRunnable>
      <AdditionalOptions>
      </AdditionalOptions>
   </LaunchAction>
   <ProfileAction
      buildConfiguration = "Debug"
      shouldUseLaunchSchemeArgsEnv = "YES"
      savedToolIdentifier = ""
      useCustomWorkingDirectory = "NO"
      debugDocumentVersioning = "YES">
      <BuildableProductRunnable
         runnableDebuggingMode = "0">
         <BuildableReference
            BuildableIdentifier = "primary"
            BlueprintIdentifier = "E4B69B5A0A3A1756003C02F2"
            BuildableName = "ofxOpenNi_examples&#x201e;A&#x30a;&#xc6;&#x201e;C&#x327;&#x2265;&#x201e;E&#x301;i&#x301;&#x201e;C&#x327;o&#x308;&#x201e;E&#x301;&#xba;.app"
            BlueprintName = "ofxOpenNi_examples&#x201e;&#xc5;&#xc6;&#x201e;&#xc7;&#x2265;&#x201e;&#xc9;&#xed;&#x201e;&#xc7;&#xf6;&#x201e;&#xc9;&#xba;"
            ReferencedContainer = "container:ofxOpenNi_examples&#x306e;&#x30b3;&#x30d2;&#x309a;&#x30fc;.xcodeproj">
         </BuildableReference>
      </BuildableProductRunnable>
   </ProfileAction>
   <AnalyzeAction
      buildConfiguration = "Debug">
   </AnalyzeAction>
   <ArchiveAction
      buildConfiguration = "Debug"
      revealArchiveInOrganizer = "YES">
   </ArchiveAction>
</Scheme>
